
Microsoft Visual Studio Solution File, Format Version 12.00
# Visual Studio Version 16
VisualStudioVersion = 16.0.32929.386
MinimumVisualStudioVersion = 10.0.40219.1
Project("{FAE04EC0-301F-11D3-BF4B-00C04F79EFBC}") = "ExcelUpdateApp", "ExcelUpdateApp\ExcelUpdateApp.csproj", "{858C055B-BF49-4C1A-9664-C48C620EC834}"
EndProject
Global
	GlobalSection(SolutionConfigurationPlatforms) = preSolution
		Debug|Any CPU = Debug|Any CPU
		Release|Any CPU = Release|Any CPU
	EndGlobalSection
	GlobalSection(ProjectConfigurationPlatforms) = postSolution
		{858C055B-BF49-4C1A-9664-C48C620EC834}.Debug|Any CPU.ActiveCfg = Debug|Any CPU
		{858C055B-BF49-4C1A-9664-C48C620EC834}.Debug|Any CPU.Build.0 = Debug|Any CPU
		{858C055B-BF49-4C1A-9664-C48C620EC834}.Release|Any CPU.ActiveCfg = Release|Any CPU
		{858C055B-BF49-4C1A-9664-C48C620EC834}.Release|Any CPU.Build.0 = Release|Any CPU
	EndGlobalSection
	GlobalSection(SolutionProperties) = preSolution
		HideSolutionNode = FALSE
	EndGlobalSection
	GlobalSection(ExtensibilityGlobals) = postSolution
		SolutionGuid = {81957437-5A54-474B-80F4-84288B28E522}
	EndGlobalSection
EndGlobal
